
Microsoft Visual Studio Solution File, Format Version 12.00
# Visual Studio Version 17
VisualStudioVersion = 17.2.32630.192
MinimumVisualStudioVersion = 10.0.40219.1
Project("{9A19103F-16F7-4668-BE54-9A1E7A4F7556}") = "RomanNumeralConverter", "NumeralConverter\RomanNumeralConverter.csproj", "{C95CC6E1-822A-4270-A600-B733439571D1}"
EndProject
Project("{FAE04EC0-301F-11D3-BF4B-00C04F79EFBC}") = "RomanNumeralConverter.Tests", "RomanNumeralConverter.Tests\RomanNumeralConverter.Tests.csproj", "{9C1E268E-3D94-459B-BD92-E86BDA926E02}"
EndProject
Global
	GlobalSection(SolutionConfigurationPlatforms) = preSolution
		Debug|Any CPU = Debug|Any CPU
		Release|Any CPU = Release|Any CPU
	EndGlobalSection
	GlobalSection(ProjectConfigurationPlatforms) = postSolution
		{C95CC6E1-822A-4270-A600-B733439571D1}.Debug|Any CPU.ActiveCfg = Debug|Any CPU
		{C95CC6E1-822A-4270-A600-B733439571D1}.Debug|Any CPU.Build.0 = Debug|Any CPU
		{C95CC6E1-822A-4270-A600-B733439571D1}.Release|Any CPU.ActiveCfg = Release|Any CPU
		{C95CC6E1-822A-4270-A600-B733439571D1}.Release|Any CPU.Build.0 = Release|Any CPU
		{9C1E268E-3D94-459B-BD92-E86BDA926E02}.Debug|Any CPU.ActiveCfg = Debug|Any CPU
		{9C1E268E-3D94-459B-BD92-E86BDA926E02}.Debug|Any CPU.Build.0 = Debug|Any CPU
		{9C1E268E-3D94-459B-BD92-E86BDA926E02}.Release|Any CPU.ActiveCfg = Release|Any CPU
		{9C1E268E-3D94-459B-BD92-E86BDA926E02}.Release|Any CPU.Build.0 = Release|Any CPU
	EndGlobalSection
	GlobalSection(SolutionProperties) = preSolution
		HideSolutionNode = FALSE
	EndGlobalSection
	GlobalSection(ExtensibilityGlobals) = postSolution
		SolutionGuid = {3BF4BE0C-2B78-4BC5-B6F2-494A10871321}
	EndGlobalSection
EndGlobal
